
Microsoft Visual Studio Solution File, Format Version 12.00
Project("{FAE04EC0-301F-11D3-BF4B-00C04F79EFBC}") = "ToochiChat.API", "src\ToochiChat.API\ToochiChat.API.csproj", "{9D6EBFD6-97EE-4BB1-AF11-9674FE422DFA}"
EndProject
Project("{FAE04EC0-301F-11D3-BF4B-00C04F79EFBC}") = "ToochiChat.Domain", "src\ToochiChat.Domain\ToochiChat.Domain.csproj", "{5D5980D3-5449-4701-87CF-4B1671319548}"
EndProject
Project("{FAE04EC0-301F-11D3-BF4B-00C04F79EFBC}") = "ToochiChat.Application", "src\ToochiChat.Application\ToochiChat.Application.csproj", "{B5058E66-9E81-4B48-9B5D-4447507BCDB3}"
EndProject
Project("{FAE04EC0-301F-11D3-BF4B-00C04F79EFBC}") = "ToochiChat.Persistence.Postgres", "src\ToochiChat.Persistence.Postgres\ToochiChat.Persistence.Postgres.csproj", "{3A3C4105-8095-4C7A-A041-F1E9DCA6139F}"
EndProject
Project("{FAE04EC0-301F-11D3-BF4B-00C04F79EFBC}") = "ToochiChat.Infrastructure", "src\ToochiChat.Infrastructure\ToochiChat.Infrastructure.csproj", "{CA284A02-0491-4D1E-A8CA-E05B7DD45E45}"
EndProject
Project("{FAE04EC0-301F-11D3-BF4B-00C04F79EFBC}") = "ToochiChat.Application.Tests", "tests\ToochiChat.Application.Tests\ToochiChat.Application.Tests.csproj", "{59A29603-C0C6-4AAF-B480-43609EE7BFCF}"
EndProject
Project("{FAE04EC0-301F-11D3-BF4B-00C04F79EFBC}") = "ToochiChat.Infrastructure.Tests", "tests\ToochiChat.Infrastructure.Tests\ToochiChat.Infrastructure.Tests.csproj", "{326E292F-7D0E-4F51-A09C-AF72369D17B7}"
EndProject
Project("{2150E333-8FDC-42A3-9474-1A3956D46DE8}") = "src", "src", "{2E5D8B2E-EDD9-456B-BA2C-9D54B4A6EF09}"
EndProject
Project("{2150E333-8FDC-42A3-9474-1A3956D46DE8}") = "tests", "tests", "{0786D53A-18C0-40F6-A2BC-547EE9357EE8}"
EndProject
Project("{FAE04EC0-301F-11D3-BF4B-00C04F79EFBC}") = "ToochiChat.API.Tests", "tests\ToochiChat.API.Tests\ToochiChat.API.Tests.csproj", "{28BC0934-638C-4D82-92F7-67A9792F4C1C}"
EndProject
Project("{FAE04EC0-301F-11D3-BF4B-00C04F79EFBC}") = "ToochiChat.Domain.Tests", "tests\ToochiChat.Domain.Tests\ToochiChat.Domain.Tests.csproj", "{03895851-0881-47EA-A94F-3AB698CAE855}"
EndProject
Project("{FAE04EC0-301F-11D3-BF4B-00C04F79EFBC}") = "ToochiChat.Persistence.Mongo", "src\ToochiChat.Persistence.Mongo\ToochiChat.Persistence.Mongo.csproj", "{58A8819E-2F4F-4004-A43D-292D56AEF3CA}"
EndProject
Project("{FAE04EC0-301F-11D3-BF4B-00C04F79EFBC}") = "ToochiChat.Persistence.FileSystem", "src\ToochiChat.Persistence.FileSystem\ToochiChat.Persistence.FileSystem.csproj", "{7CB8D7C6-87F8-4B09-A387-01A6E4E86C56}"
EndProject
Project("{FAE04EC0-301F-11D3-BF4B-00C04F79EFBC}") = "ToochiChat.Tests.Shared", "tests\ToochiChat.Tests.Shared\ToochiChat.Tests.Shared.csproj", "{AC4298B0-DC5A-42E5-975E-55B740CF8786}"
EndProject
Global
	GlobalSection(SolutionConfigurationPlatforms) = preSolution
		Debug|Any CPU = Debug|Any CPU
		Release|Any CPU = Release|Any CPU
	EndGlobalSection
	GlobalSection(ProjectConfigurationPlatforms) = postSolution
		{9D6EBFD6-97EE-4BB1-AF11-9674FE422DFA}.Debug|Any CPU.ActiveCfg = Debug|Any CPU
		{9D6EBFD6-97EE-4BB1-AF11-9674FE422DFA}.Debug|Any CPU.Build.0 = Debug|Any CPU
		{9D6EBFD6-97EE-4BB1-AF11-9674FE422DFA}.Release|Any CPU.ActiveCfg = Release|Any CPU
		{9D6EBFD6-97EE-4BB1-AF11-9674FE422DFA}.Release|Any CPU.Build.0 = Release|Any CPU
		{5D5980D3-5449-4701-87CF-4B1671319548}.Debug|Any CPU.ActiveCfg = Debug|Any CPU
		{5D5980D3-5449-4701-87CF-4B1671319548}.Debug|Any CPU.Build.0 = Debug|Any CPU
		{5D5980D3-5449-4701-87CF-4B1671319548}.Release|Any CPU.ActiveCfg = Release|Any CPU
		{5D5980D3-5449-4701-87CF-4B1671319548}.Release|Any CPU.Build.0 = Release|Any CPU
		{B5058E66-9E81-4B48-9B5D-4447507BCDB3}.Debug|Any CPU.ActiveCfg = Debug|Any CPU
		{B5058E66-9E81-4B48-9B5D-4447507BCDB3}.Debug|Any CPU.Build.0 = Debug|Any CPU
		{B5058E66-9E81-4B48-9B5D-4447507BCDB3}.Release|Any CPU.ActiveCfg = Release|Any CPU
		{B5058E66-9E81-4B48-9B5D-4447507BCDB3}.Release|Any CPU.Build.0 = Release|Any CPU
		{3A3C4105-8095-4C7A-A041-F1E9DCA6139F}.Debug|Any CPU.ActiveCfg = Debug|Any CPU
		{3A3C4105-8095-4C7A-A041-F1E9DCA6139F}.Debug|Any CPU.Build.0 = Debug|Any CPU
		{3A3C4105-8095-4C7A-A041-F1E9DCA6139F}.Release|Any CPU.ActiveCfg = Release|Any CPU
		{3A3C4105-8095-4C7A-A041-F1E9DCA6139F}.Release|Any CPU.Build.0 = Release|Any CPU
		{CA284A02-0491-4D1E-A8CA-E05B7DD45E45}.Debug|Any CPU.ActiveCfg = Debug|Any CPU
		{CA284A02-0491-4D1E-A8CA-E05B7DD45E45}.Debug|Any CPU.Build.0 = Debug|Any CPU
		{CA284A02-0491-4D1E-A8CA-E05B7DD45E45}.Release|Any CPU.ActiveCfg = Release|Any CPU
		{CA284A02-0491-4D1E-A8CA-E05B7DD45E45}.Release|Any CPU.Build.0 = Release|Any CPU
		{59A29603-C0C6-4AAF-B480-43609EE7BFCF}.Debug|Any CPU.ActiveCfg = Debug|Any CPU
		{59A29603-C0C6-4AAF-B480-43609EE7BFCF}.Debug|Any CPU.Build.0 = Debug|Any CPU
		{59A29603-C0C6-4AAF-B480-43609EE7BFCF}.Release|Any CPU.ActiveCfg = Release|Any CPU
		{59A29603-C0C6-4AAF-B480-43609EE7BFCF}.Release|Any CPU.Build.0 = Release|Any CPU
		{326E292F-7D0E-4F51-A09C-AF72369D17B7}.Debug|Any CPU.ActiveCfg = Debug|Any CPU
		{326E292F-7D0E-4F51-A09C-AF72369D17B7}.Debug|Any CPU.Build.0 = Debug|Any CPU
		{326E292F-7D0E-4F51-A09C-AF72369D17B7}.Release|Any CPU.ActiveCfg = Release|Any CPU
		{326E292F-7D0E-4F51-A09C-AF72369D17B7}.Release|Any CPU.Build.0 = Release|Any CPU
		{28BC0934-638C-4D82-92F7-67A9792F4C1C}.Debug|Any CPU.ActiveCfg = Debug|Any CPU
		{28BC0934-638C-4D82-92F7-67A9792F4C1C}.Debug|Any CPU.Build.0 = Debug|Any CPU
		{28BC0934-638C-4D82-92F7-67A9792F4C1C}.Release|Any CPU.ActiveCfg = Release|Any CPU
		{28BC0934-638C-4D82-92F7-67A9792F4C1C}.Release|Any CPU.Build.0 = Release|Any CPU
		{03895851-0881-47EA-A94F-3AB698CAE855}.Debug|Any CPU.ActiveCfg = Debug|Any CPU
		{03895851-0881-47EA-A94F-3AB698CAE855}.Debug|Any CPU.Build.0 = Debug|Any CPU
		{03895851-0881-47EA-A94F-3AB698CAE855}.Release|Any CPU.ActiveCfg = Release|Any CPU
		{03895851-0881-47EA-A94F-3AB698CAE855}.Release|Any CPU.Build.0 = Release|Any CPU
		{58A8819E-2F4F-4004-A43D-292D56AEF3CA}.Debug|Any CPU.ActiveCfg = Debug|Any CPU
		{58A8819E-2F4F-4004-A43D-292D56AEF3CA}.Debug|Any CPU.Build.0 = Debug|Any CPU
		{58A8819E-2F4F-4004-A43D-292D56AEF3CA}.Release|Any CPU.ActiveCfg = Release|Any CPU
		{58A8819E-2F4F-4004-A43D-292D56AEF3CA}.Release|Any CPU.Build.0 = Release|Any CPU
		{7CB8D7C6-87F8-4B09-A387-01A6E4E86C56}.Debug|Any CPU.ActiveCfg = Debug|Any CPU
		{7CB8D7C6-87F8-4B09-A387-01A6E4E86C56}.Debug|Any CPU.Build.0 = Debug|Any CPU
		{7CB8D7C6-87F8-4B09-A387-01A6E4E86C56}.Release|Any CPU.ActiveCfg = Release|Any CPU
		{7CB8D7C6-87F8-4B09-A387-01A6E4E86C56}.Release|Any CPU.Build.0 = Release|Any CPU
		{AC4298B0-DC5A-42E5-975E-55B740CF8786}.Debug|Any CPU.ActiveCfg = Debug|Any CPU
		{AC4298B0-DC5A-42E5-975E-55B740CF8786}.Debug|Any CPU.Build.0 = Debug|Any CPU
		{AC4298B0-DC5A-42E5-975E-55B740CF8786}.Release|Any CPU.ActiveCfg = Release|Any CPU
		{AC4298B0-DC5A-42E5-975E-55B740CF8786}.Release|Any CPU.Build.0 = Release|Any CPU
	EndGlobalSection
	GlobalSection(NestedProjects) = preSolution
		{9D6EBFD6-97EE-4BB1-AF11-9674FE422DFA} = {2E5D8B2E-EDD9-456B-BA2C-9D54B4A6EF09}
		{B5058E66-9E81-4B48-9B5D-4447507BCDB3} = {2E5D8B2E-EDD9-456B-BA2C-9D54B4A6EF09}
		{5D5980D3-5449-4701-87CF-4B1671319548} = {2E5D8B2E-EDD9-456B-BA2C-9D54B4A6EF09}
		{CA284A02-0491-4D1E-A8CA-E05B7DD45E45} = {2E5D8B2E-EDD9-456B-BA2C-9D54B4A6EF09}
		{3A3C4105-8095-4C7A-A041-F1E9DCA6139F} = {2E5D8B2E-EDD9-456B-BA2C-9D54B4A6EF09}
		{59A29603-C0C6-4AAF-B480-43609EE7BFCF} = {0786D53A-18C0-40F6-A2BC-547EE9357EE8}
		{326E292F-7D0E-4F51-A09C-AF72369D17B7} = {0786D53A-18C0-40F6-A2BC-547EE9357EE8}
		{28BC0934-638C-4D82-92F7-67A9792F4C1C} = {0786D53A-18C0-40F6-A2BC-547EE9357EE8}
		{03895851-0881-47EA-A94F-3AB698CAE855} = {0786D53A-18C0-40F6-A2BC-547EE9357EE8}
		{58A8819E-2F4F-4004-A43D-292D56AEF3CA} = {2E5D8B2E-EDD9-456B-BA2C-9D54B4A6EF09}
		{7CB8D7C6-87F8-4B09-A387-01A6E4E86C56} = {2E5D8B2E-EDD9-456B-BA2C-9D54B4A6EF09}
		{AC4298B0-DC5A-42E5-975E-55B740CF8786} = {0786D53A-18C0-40F6-A2BC-547EE9357EE8}
	EndGlobalSection
EndGlobal
